
Microsoft Visual Studio Solution File, Format Version 12.00
# Visual Studio Version 17
VisualStudioVersion = 17.7.34031.279
MinimumVisualStudioVersion = 10.0.40219.1
Project("{FAE04EC0-301F-11D3-BF4B-00C04F79EFBC}") = "ProjectDelta", "ProjetoDiscord\ProjectDelta.csproj", "{8099DA73-AF41-4B33-8CB9-E1A719B09B32}"
EndProject
Global
	GlobalSection(SolutionConfigurationPlatforms) = preSolution
		Debug|Any CPU = Debug|Any CPU
		Release|Any CPU = Release|Any CPU
	EndGlobalSection
	GlobalSection(ProjectConfigurationPlatforms) = postSolution
		{8099DA73-AF41-4B33-8CB9-E1A719B09B32}.Debug|Any CPU.ActiveCfg = Debug|Any CPU
		{8099DA73-AF41-4B33-8CB9-E1A719B09B32}.Debug|Any CPU.Build.0 = Debug|Any CPU
		{8099DA73-AF41-4B33-8CB9-E1A719B09B32}.Release|Any CPU.ActiveCfg = Release|Any CPU
		{8099DA73-AF41-4B33-8CB9-E1A719B09B32}.Release|Any CPU.Build.0 = Release|Any CPU
	EndGlobalSection
	GlobalSection(SolutionProperties) = preSolution
		HideSolutionNode = FALSE
	EndGlobalSection
	GlobalSection(ExtensibilityGlobals) = postSolution
		SolutionGuid = {B0382371-32A7-4996-8961-BD2A60E3FBDD}
	EndGlobalSection
EndGlobal
